
Microsoft Visual Studio Solution File, Format Version 12.00
# Visual Studio Version 17
VisualStudioVersion = 17.0.31919.166
MinimumVisualStudioVersion = 10.0.40219.1
Project("{FAE04EC0-301F-11D3-BF4B-00C04F79EFBC}") = "CADASTRO_PRODUTOS", "CADASTRO_PRODUTOS\CADASTRO_PRODUTOS.csproj", "{76DEDD7A-6FC2-4C21-9296-F3599EB820CC}"
EndProject
Global
	GlobalSection(SolutionConfigurationPlatforms) = preSolution
		Debug|Any CPU = Debug|Any CPU
		Release|Any CPU = Release|Any CPU
	EndGlobalSection
	GlobalSection(ProjectConfigurationPlatforms) = postSolution
		{76DEDD7A-6FC2-4C21-9296-F3599EB820CC}.Debug|Any CPU.ActiveCfg = Debug|Any CPU
		{76DEDD7A-6FC2-4C21-9296-F3599EB820CC}.Debug|Any CPU.Build.0 = Debug|Any CPU
		{76DEDD7A-6FC2-4C21-9296-F3599EB820CC}.Release|Any CPU.ActiveCfg = Release|Any CPU
		{76DEDD7A-6FC2-4C21-9296-F3599EB820CC}.Release|Any CPU.Build.0 = Release|Any CPU
	EndGlobalSection
	GlobalSection(SolutionProperties) = preSolution
		HideSolutionNode = FALSE
	EndGlobalSection
	GlobalSection(ExtensibilityGlobals) = postSolution
		SolutionGuid = {D1E0652C-8845-41D6-8860-598F18E5D3E7}
	EndGlobalSection
EndGlobal
